{
    "_readme": [
        "This file locks the dependencies of your project to a known state",
        "Read more about it at http://getcomposer.org/doc/01-basic-usage.md#composer-lock-the-lock-file",
        "This file is @generated automatically"
    ],
    "hash": "f1cc16d69413c22575888352d47c802c",
    "packages": [
        {
            "name": "authorizenet/authorizenet",
            "version": "1.8.0",
            "source": {
                "type": "git",
                "url": "https://github.com/AuthorizeNet/sdk-php.git",
                "reference": "77ed2315c722bbb8ae82b545d4a5fa2a1ce1f4c7"
            },
            "dist": {
                "type": "zip",
                "url": "https://api.github.com/repos/AuthorizeNet/sdk-php/zipball/77ed2315c722bbb8ae82b545d4a5fa2a1ce1f4c7",
                "reference": "77ed2315c722bbb8ae82b545d4a5fa2a1ce1f4c7",
                "shasum": ""
            },
            "require": {
                "ext-curl": "*",
                "php": ">=5.2.0"
            },
            "type": "library",
            "notification-url": "https://packagist.org/downloads/",
            "description": "Official PHP SDK for Authorize.Net",
            "homepage": "http://developer.authorize.net",
            "keywords": [
                "authorize.net",
                "authorizenet",
                "ecommerce",
                "payment"
            ],
            "time": "2014-03-29 00:01:15"
        }
    ],
    "packages-dev": [],
    "aliases": [],
    "minimum-stability": "stable",
    "stability-flags": [],
    "prefer-stable": false,
    "platform": {
        "php": ">=5.2.0",
        "ext-curl": "*"
    },
    "platform-dev": []
}
